{
  "object": {
    "pins": [
      {
        "package": "LSData",
        "repositoryURL": "https://github.com/dinogustinn/LSData.git",
        "state": {
          "branch": "master",
          "revision": "f788243a2fcd119cbbab5407e85fdfe1ce26f7f3",
          "version": null
        }
      }
    ]
  },
  "version": 1
}
