{
  "object": {
    "pins": [
      {
        "package": "LSData",
        "repositoryURL": "https://github.com/dinogustinn/LSData.git",
        "state": {
          "branch": "master",
          "revision": "2a84d52049f09ff569a6bd6a9be6ab1668ec19ae",
          "version": null
        }
      }
    ]
  },
  "version": 1
}
