{
  "object": {
    "pins": [
      {
        "package": "LSData",
        "repositoryURL": "https://github.com/dinogustinn/LSData.git",
        "state": {
          "branch": "master",
          "revision": "5820972fb68f2740ad356adac638ea6d2e5b0aa2",
          "version": null
        }
      }
    ]
  },
  "version": 1
}
